
Microsoft Visual Studio Solution File, Format Version 12.00
# Visual Studio Version 17
VisualStudioVersion = 17.9.34622.214
MinimumVisualStudioVersion = 10.0.40219.1
Project("{9A19103F-16F7-4668-BE54-9A1E7A4F7556}") = "Tinder.API", "Tinder.API\Tinder.API.csproj", "{6867C9F8-9C04-4965-BEE9-7D3519A38100}"
EndProject
Project("{9A19103F-16F7-4668-BE54-9A1E7A4F7556}") = "Tinder.DAL", "Tinder.DAL\Tinder.DAL.csproj", "{830225FA-CA92-4499-887A-5E120000A59A}"
EndProject
Project("{9A19103F-16F7-4668-BE54-9A1E7A4F7556}") = "Tinder.BLL", "Tinder.BLL\Tinder.BLL.csproj", "{02A652E9-66A6-415C-9480-923588E853A5}"
EndProject
Project("{9A19103F-16F7-4668-BE54-9A1E7A4F7556}") = "Tinder.Tests", "Tinder.Tests\Tinder.Tests.csproj", "{62B2BCF5-9AB2-476F-82CB-A9A6DFA936CD}"
EndProject
Project("{9A19103F-16F7-4668-BE54-9A1E7A4F7556}") = "Tinder.IntegrationTests", "Tinder.IntegrationTests\Tinder.IntegrationTests.csproj", "{DE6208E0-45A8-455A-97A0-8B71E51128E8}"
EndProject
Project("{9A19103F-16F7-4668-BE54-9A1E7A4F7556}") = "Shared", "..\Shared\Shared\Shared.csproj", "{E8F096A6-7139-4E99-8E79-DE49614BFEB7}"
EndProject
Global
	GlobalSection(SolutionConfigurationPlatforms) = preSolution
		Debug|Any CPU = Debug|Any CPU
		Release|Any CPU = Release|Any CPU
	EndGlobalSection
	GlobalSection(ProjectConfigurationPlatforms) = postSolution
		{6867C9F8-9C04-4965-BEE9-7D3519A38100}.Debug|Any CPU.ActiveCfg = Debug|Any CPU
		{6867C9F8-9C04-4965-BEE9-7D3519A38100}.Debug|Any CPU.Build.0 = Debug|Any CPU
		{6867C9F8-9C04-4965-BEE9-7D3519A38100}.Release|Any CPU.ActiveCfg = Release|Any CPU
		{6867C9F8-9C04-4965-BEE9-7D3519A38100}.Release|Any CPU.Build.0 = Release|Any CPU
		{830225FA-CA92-4499-887A-5E120000A59A}.Debug|Any CPU.ActiveCfg = Debug|Any CPU
		{830225FA-CA92-4499-887A-5E120000A59A}.Debug|Any CPU.Build.0 = Debug|Any CPU
		{830225FA-CA92-4499-887A-5E120000A59A}.Release|Any CPU.ActiveCfg = Release|Any CPU
		{830225FA-CA92-4499-887A-5E120000A59A}.Release|Any CPU.Build.0 = Release|Any CPU
		{02A652E9-66A6-415C-9480-923588E853A5}.Debug|Any CPU.ActiveCfg = Debug|Any CPU
		{02A652E9-66A6-415C-9480-923588E853A5}.Debug|Any CPU.Build.0 = Debug|Any CPU
		{02A652E9-66A6-415C-9480-923588E853A5}.Release|Any CPU.ActiveCfg = Release|Any CPU
		{02A652E9-66A6-415C-9480-923588E853A5}.Release|Any CPU.Build.0 = Release|Any CPU
		{62B2BCF5-9AB2-476F-82CB-A9A6DFA936CD}.Debug|Any CPU.ActiveCfg = Debug|Any CPU
		{62B2BCF5-9AB2-476F-82CB-A9A6DFA936CD}.Debug|Any CPU.Build.0 = Debug|Any CPU
		{62B2BCF5-9AB2-476F-82CB-A9A6DFA936CD}.Release|Any CPU.ActiveCfg = Release|Any CPU
		{62B2BCF5-9AB2-476F-82CB-A9A6DFA936CD}.Release|Any CPU.Build.0 = Release|Any CPU
		{DE6208E0-45A8-455A-97A0-8B71E51128E8}.Debug|Any CPU.ActiveCfg = Debug|Any CPU
		{DE6208E0-45A8-455A-97A0-8B71E51128E8}.Debug|Any CPU.Build.0 = Debug|Any CPU
		{DE6208E0-45A8-455A-97A0-8B71E51128E8}.Release|Any CPU.ActiveCfg = Release|Any CPU
		{DE6208E0-45A8-455A-97A0-8B71E51128E8}.Release|Any CPU.Build.0 = Release|Any CPU
		{E8F096A6-7139-4E99-8E79-DE49614BFEB7}.Debug|Any CPU.ActiveCfg = Debug|Any CPU
		{E8F096A6-7139-4E99-8E79-DE49614BFEB7}.Debug|Any CPU.Build.0 = Debug|Any CPU
		{E8F096A6-7139-4E99-8E79-DE49614BFEB7}.Release|Any CPU.ActiveCfg = Release|Any CPU
		{E8F096A6-7139-4E99-8E79-DE49614BFEB7}.Release|Any CPU.Build.0 = Release|Any CPU
	EndGlobalSection
	GlobalSection(SolutionProperties) = preSolution
		HideSolutionNode = FALSE
	EndGlobalSection
	GlobalSection(ExtensibilityGlobals) = postSolution
		SolutionGuid = {D8C680B5-990A-44F8-9416-02E99617B56D}
	EndGlobalSection
EndGlobal
