
Microsoft Visual Studio Solution File, Format Version 12.00
# Visual Studio Version 17
VisualStudioVersion = 17.9.34622.214
MinimumVisualStudioVersion = 10.0.40219.1
Project("{9A19103F-16F7-4668-BE54-9A1E7A4F7556}") = "GraphQlService", "GraphQlService\GraphQlService.csproj", "{BCEB949D-A797-44EA-B558-F5F0E5113C4E}"
EndProject
Project("{FAE04EC0-301F-11D3-BF4B-00C04F79EFBC}") = "GraphQlService.BLL", "GraphQlService.BLL\GraphQlService.BLL.csproj", "{5AE13376-C972-45C5-AABE-06F514A18786}"
EndProject
Global
	GlobalSection(SolutionConfigurationPlatforms) = preSolution
		Debug|Any CPU = Debug|Any CPU
		Release|Any CPU = Release|Any CPU
	EndGlobalSection
	GlobalSection(ProjectConfigurationPlatforms) = postSolution
		{BCEB949D-A797-44EA-B558-F5F0E5113C4E}.Debug|Any CPU.ActiveCfg = Debug|Any CPU
		{BCEB949D-A797-44EA-B558-F5F0E5113C4E}.Debug|Any CPU.Build.0 = Debug|Any CPU
		{BCEB949D-A797-44EA-B558-F5F0E5113C4E}.Release|Any CPU.ActiveCfg = Release|Any CPU
		{BCEB949D-A797-44EA-B558-F5F0E5113C4E}.Release|Any CPU.Build.0 = Release|Any CPU
		{5AE13376-C972-45C5-AABE-06F514A18786}.Debug|Any CPU.ActiveCfg = Debug|Any CPU
		{5AE13376-C972-45C5-AABE-06F514A18786}.Debug|Any CPU.Build.0 = Debug|Any CPU
		{5AE13376-C972-45C5-AABE-06F514A18786}.Release|Any CPU.ActiveCfg = Release|Any CPU
		{5AE13376-C972-45C5-AABE-06F514A18786}.Release|Any CPU.Build.0 = Release|Any CPU
	EndGlobalSection
	GlobalSection(SolutionProperties) = preSolution
		HideSolutionNode = FALSE
	EndGlobalSection
	GlobalSection(ExtensibilityGlobals) = postSolution
		SolutionGuid = {77733DA4-8208-4949-9316-70AC4431C23E}
	EndGlobalSection
EndGlobal
